// !$*UTF8*$!
{
	archiveVersion = 1;
	classes = {
	};
	objectVersion = 56;
	objects = {

/* Begin PBXBuildFile section */
		0941D48A29E0306F00B582B0 /* AppDelegate.swift in Sources */ = {isa = PBXBuildFile; fileRef = 0941D48929E0306F00B582B0 /* AppDelegate.swift */; };
		0941D48C29E0306F00B582B0 /* SceneDelegate.swift in Sources */ = {isa = PBXBuildFile; fileRef = 0941D48B29E0306F00B582B0 /* SceneDelegate.swift */; };
		0941D49329E0307000B582B0 /* Assets.xcassets in Resources */ = {isa = PBXBuildFile; fileRef = 0941D49229E0307000B582B0 /* Assets.xcassets */; };
		0941D49629E0307000B582B0 /* LaunchScreen.storyboard in Resources */ = {isa = PBXBuildFile; fileRef = 0941D49429E0307000B582B0 /* LaunchScreen.storyboard */; };
		0987379829E03F3400FE8DAB /* ViewController.swift in Sources */ = {isa = PBXBuildFile; fileRef = 0987379429E03F3400FE8DAB /* ViewController.swift */; };
		0987379929E03F3400FE8DAB /* ViewController4.swift in Sources */ = {isa = PBXBuildFile; fileRef = 0987379529E03F3400FE8DAB /* ViewController4.swift */; };
		0987379A29E03F3400FE8DAB /* ViewController3.swift in Sources */ = {isa = PBXBuildFile; fileRef = 0987379629E03F3400FE8DAB /* ViewController3.swift */; };
		0987379B29E03F3400FE8DAB /* ViewController2.swift in Sources */ = {isa = PBXBuildFile; fileRef = 0987379729E03F3400FE8DAB /* ViewController2.swift */; };
		0987E80429E52DE20082CCD2 /* Main_tvingView.swift in Sources */ = {isa = PBXBuildFile; fileRef = 0987E80329E52DE20082CCD2 /* Main_tvingView.swift */; };
		098937E129E25C0000B9ABDC /* Auth_tvingView.swift in Sources */ = {isa = PBXBuildFile; fileRef = 098937E029E25C0000B9ABDC /* Auth_tvingView.swift */; };
		098937E329E262BD00B9ABDC /* UIColor+.swift in Sources */ = {isa = PBXBuildFile; fileRef = 098937E229E262BD00B9ABDC /* UIColor+.swift */; };
		098937E629E267A400B9ABDC /* PretendardVariable.ttf in Resources */ = {isa = PBXBuildFile; fileRef = 098937E529E267A400B9ABDC /* PretendardVariable.ttf */; };
		098B559829E26A0500495CEC /* UIFont+.swift in Sources */ = {isa = PBXBuildFile; fileRef = 098B559729E26A0500495CEC /* UIFont+.swift */; };
		098B55A229E2879F00495CEC /* Pretendard-ExtraLight.otf in Resources */ = {isa = PBXBuildFile; fileRef = 098B559929E2879E00495CEC /* Pretendard-ExtraLight.otf */; };
		098B55A329E2879F00495CEC /* Pretendard-Bold.otf in Resources */ = {isa = PBXBuildFile; fileRef = 098B559A29E2879E00495CEC /* Pretendard-Bold.otf */; };
		098B55A429E2879F00495CEC /* Pretendard-Black.otf in Resources */ = {isa = PBXBuildFile; fileRef = 098B559B29E2879E00495CEC /* Pretendard-Black.otf */; };
		098B55A529E2879F00495CEC /* Pretendard-Regular.otf in Resources */ = {isa = PBXBuildFile; fileRef = 098B559C29E2879E00495CEC /* Pretendard-Regular.otf */; };
		098B55A629E2879F00495CEC /* Pretendard-Light.otf in Resources */ = {isa = PBXBuildFile; fileRef = 098B559D29E2879E00495CEC /* Pretendard-Light.otf */; };
		098B55A729E2879F00495CEC /* Pretendard-Medium.otf in Resources */ = {isa = PBXBuildFile; fileRef = 098B559E29E2879E00495CEC /* Pretendard-Medium.otf */; };
		098B55A829E2879F00495CEC /* Pretendard-Thin.otf in Resources */ = {isa = PBXBuildFile; fileRef = 098B559F29E2879F00495CEC /* Pretendard-Thin.otf */; };
		098B55A929E2879F00495CEC /* Pretendard-ExtraBold.otf in Resources */ = {isa = PBXBuildFile; fileRef = 098B55A029E2879F00495CEC /* Pretendard-ExtraBold.otf */; };
		098B55AA29E2879F00495CEC /* Pretendard-SemiBold.otf in Resources */ = {isa = PBXBuildFile; fileRef = 098B55A129E2879F00495CEC /* Pretendard-SemiBold.otf */; };
		098B55B929E3C80B00495CEC /* Welcome_tvingView.swift in Sources */ = {isa = PBXBuildFile; fileRef = 098B55B829E3C80B00495CEC /* Welcome_tvingView.swift */; };
		0993BE1929F13205000B490B /* UIView+.swift in Sources */ = {isa = PBXBuildFile; fileRef = 0993BE1829F13205000B490B /* UIView+.swift */; };
		09AF2E5A29E132F100D435F5 /* FirstViewController_DelegatePattern.swift in Sources */ = {isa = PBXBuildFile; fileRef = 09AF2E5929E132F100D435F5 /* FirstViewController_DelegatePattern.swift */; };
		09AF2E5C29E1332B00D435F5 /* SecondViewController_DelegatePattern.swift in Sources */ = {isa = PBXBuildFile; fileRef = 09AF2E5B29E1332B00D435F5 /* SecondViewController_DelegatePattern.swift */; };
		09AF2E6329E141ED00D435F5 /* SnapKit in Frameworks */ = {isa = PBXBuildFile; productRef = 09AF2E6229E141ED00D435F5 /* SnapKit */; };
		09AF2E6629E1424800D435F5 /* Then in Frameworks */ = {isa = PBXBuildFile; productRef = 09AF2E6529E1424800D435F5 /* Then */; };
		09AF2E6829E1439400D435F5 /* FirstViewController_button.swift in Sources */ = {isa = PBXBuildFile; fileRef = 09AF2E6729E1439400D435F5 /* FirstViewController_button.swift */; };
		09AF2E6A29E143A500D435F5 /* SecondViewController_button.swift in Sources */ = {isa = PBXBuildFile; fileRef = 09AF2E6929E143A500D435F5 /* SecondViewController_button.swift */; };
		09AF2E6C29E14FED00D435F5 /* FirstViewController_colorbox.swift in Sources */ = {isa = PBXBuildFile; fileRef = 09AF2E6B29E14FED00D435F5 /* FirstViewController_colorbox.swift */; };
		09AF2E6E29E156E700D435F5 /* uibutton+.swift in Sources */ = {isa = PBXBuildFile; fileRef = 09AF2E6D29E156E700D435F5 /* uibutton+.swift */; };
		09AF2E7229E245ED00D435F5 /* Inject in Frameworks */ = {isa = PBXBuildFile; productRef = 09AF2E7129E245ED00D435F5 /* Inject */; };
		09EBA58529EE620100546B5A /* CreateNickname_tvingView.swift in Sources */ = {isa = PBXBuildFile; fileRef = 09EBA58429EE620100546B5A /* CreateNickname_tvingView.swift */; };
		09EBA58729EE68A400546B5A /* UILabel+.swift in Sources */ = {isa = PBXBuildFile; fileRef = 09EBA58629EE68A400546B5A /* UILabel+.swift */; };
		09EBA58929EE68CB00546B5A /* UITextField+.swift in Sources */ = {isa = PBXBuildFile; fileRef = 09EBA58829EE68CB00546B5A /* UITextField+.swift */; };
		09EBA58D29EE9C2100546B5A /* eye.png in Resources */ = {isa = PBXBuildFile; fileRef = 09EBA58C29EE9C2100546B5A /* eye.png */; };
		09EF00DE29F1629F000A2A2E /* UIButton+.swift in Sources */ = {isa = PBXBuildFile; fileRef = 09EF00DD29F1629F000A2A2E /* UIButton+.swift */; };
/* End PBXBuildFile section */

/* Begin PBXFileReference section */
		0941D48629E0306F00B582B0 /* SOPT_iOS_SEMINAR.app */ = {isa = PBXFileReference; explicitFileType = wrapper.application; includeInIndex = 0; path = SOPT_iOS_SEMINAR.app; sourceTree = BUILT_PRODUCTS_DIR; };
		0941D48929E0306F00B582B0 /* AppDelegate.swift */ = {isa = PBXFileReference; lastKnownFileType = sourcecode.swift; path = AppDelegate.swift; sourceTree = "<group>"; };
		0941D48B29E0306F00B582B0 /* SceneDelegate.swift */ = {isa = PBXFileReference; lastKnownFileType = sourcecode.swift; path = SceneDelegate.swift; sourceTree = "<group>"; };
		0941D49229E0307000B582B0 /* Assets.xcassets */ = {isa = PBXFileReference; lastKnownFileType = folder.assetcatalog; path = Assets.xcassets; sourceTree = "<group>"; };
		0941D49529E0307000B582B0 /* Base */ = {isa = PBXFileReference; lastKnownFileType = file.storyboard; name = Base; path = Base.lproj/LaunchScreen.storyboard; sourceTree = "<group>"; };
		0941D49729E0307000B582B0 /* Info.plist */ = {isa = PBXFileReference; lastKnownFileType = text.plist.xml; path = Info.plist; sourceTree = "<group>"; };
		0987379429E03F3400FE8DAB /* ViewController.swift */ = {isa = PBXFileReference; fileEncoding = 4; lastKnownFileType = sourcecode.swift; path = ViewController.swift; sourceTree = "<group>"; };
		0987379529E03F3400FE8DAB /* ViewController4.swift */ = {isa = PBXFileReference; fileEncoding = 4; lastKnownFileType = sourcecode.swift; path = ViewController4.swift; sourceTree = "<group>"; };
		0987379629E03F3400FE8DAB /* ViewController3.swift */ = {isa = PBXFileReference; fileEncoding = 4; lastKnownFileType = sourcecode.swift; path = ViewController3.swift; sourceTree = "<group>"; };
		0987379729E03F3400FE8DAB /* ViewController2.swift */ = {isa = PBXFileReference; fileEncoding = 4; lastKnownFileType = sourcecode.swift; path = ViewController2.swift; sourceTree = "<group>"; };
		0987E80329E52DE20082CCD2 /* Main_tvingView.swift */ = {isa = PBXFileReference; lastKnownFileType = sourcecode.swift; path = Main_tvingView.swift; sourceTree = "<group>"; };
		098937E029E25C0000B9ABDC /* Auth_tvingView.swift */ = {isa = PBXFileReference; lastKnownFileType = sourcecode.swift; path = Auth_tvingView.swift; sourceTree = "<group>"; };
		098937E229E262BD00B9ABDC /* UIColor+.swift */ = {isa = PBXFileReference; lastKnownFileType = sourcecode.swift; path = "UIColor+.swift"; sourceTree = "<group>"; };
		098937E529E267A400B9ABDC /* PretendardVariable.ttf */ = {isa = PBXFileReference; lastKnownFileType = file; path = PretendardVariable.ttf; sourceTree = "<group>"; };
		098B559729E26A0500495CEC /* UIFont+.swift */ = {isa = PBXFileReference; lastKnownFileType = sourcecode.swift; path = "UIFont+.swift"; sourceTree = "<group>"; };
		098B559929E2879E00495CEC /* Pretendard-ExtraLight.otf */ = {isa = PBXFileReference; lastKnownFileType = file; path = "Pretendard-ExtraLight.otf"; sourceTree = "<group>"; };
		098B559A29E2879E00495CEC /* Pretendard-Bold.otf */ = {isa = PBXFileReference; lastKnownFileType = file; path = "Pretendard-Bold.otf"; sourceTree = "<group>"; };
		098B559B29E2879E00495CEC /* Pretendard-Black.otf */ = {isa = PBXFileReference; lastKnownFileType = file; path = "Pretendard-Black.otf"; sourceTree = "<group>"; };
		098B559C29E2879E00495CEC /* Pretendard-Regular.otf */ = {isa = PBXFileReference; lastKnownFileType = file; path = "Pretendard-Regular.otf"; sourceTree = "<group>"; };
		098B559D29E2879E00495CEC /* Pretendard-Light.otf */ = {isa = PBXFileReference; lastKnownFileType = file; path = "Pretendard-Light.otf"; sourceTree = "<group>"; };
		098B559E29E2879E00495CEC /* Pretendard-Medium.otf */ = {isa = PBXFileReference; lastKnownFileType = file; path = "Pretendard-Medium.otf"; sourceTree = "<group>"; };
		098B559F29E2879F00495CEC /* Pretendard-Thin.otf */ = {isa = PBXFileReference; lastKnownFileType = file; path = "Pretendard-Thin.otf"; sourceTree = "<group>"; };
		098B55A029E2879F00495CEC /* Pretendard-ExtraBold.otf */ = {isa = PBXFileReference; lastKnownFileType = file; path = "Pretendard-ExtraBold.otf"; sourceTree = "<group>"; };
		098B55A129E2879F00495CEC /* Pretendard-SemiBold.otf */ = {isa = PBXFileReference; lastKnownFileType = file; path = "Pretendard-SemiBold.otf"; sourceTree = "<group>"; };
		098B55AF29E28D3700495CEC /* eye-slash.png */ = {isa = PBXFileReference; lastKnownFileType = image.png; path = "eye-slash.png"; sourceTree = "<group>"; };
		098B55B029E28D3700495CEC /* btn_before.png */ = {isa = PBXFileReference; lastKnownFileType = image.png; path = btn_before.png; sourceTree = "<group>"; };
		098B55B129E28D3700495CEC /* x-circle.png */ = {isa = PBXFileReference; lastKnownFileType = image.png; path = "x-circle.png"; sourceTree = "<group>"; };
		098B55B329E28D3800495CEC /* image1.png */ = {isa = PBXFileReference; lastKnownFileType = image.png; path = image1.png; sourceTree = "<group>"; };
		098B55B829E3C80B00495CEC /* Welcome_tvingView.swift */ = {isa = PBXFileReference; lastKnownFileType = sourcecode.swift; path = Welcome_tvingView.swift; sourceTree = "<group>"; };
		0993BE1829F13205000B490B /* UIView+.swift */ = {isa = PBXFileReference; lastKnownFileType = sourcecode.swift; path = "UIView+.swift"; sourceTree = "<group>"; };
		09AF2E5929E132F100D435F5 /* FirstViewController_DelegatePattern.swift */ = {isa = PBXFileReference; lastKnownFileType = sourcecode.swift; path = FirstViewController_DelegatePattern.swift; sourceTree = "<group>"; };
		09AF2E5B29E1332B00D435F5 /* SecondViewController_DelegatePattern.swift */ = {isa = PBXFileReference; lastKnownFileType = sourcecode.swift; path = SecondViewController_DelegatePattern.swift; sourceTree = "<group>"; };
		09AF2E6729E1439400D435F5 /* FirstViewController_button.swift */ = {isa = PBXFileReference; lastKnownFileType = sourcecode.swift; path = FirstViewController_button.swift; sourceTree = "<group>"; };
		09AF2E6929E143A500D435F5 /* SecondViewController_button.swift */ = {isa = PBXFileReference; lastKnownFileType = sourcecode.swift; path = SecondViewController_button.swift; sourceTree = "<group>"; };
		09AF2E6B29E14FED00D435F5 /* FirstViewController_colorbox.swift */ = {isa = PBXFileReference; lastKnownFileType = sourcecode.swift; path = FirstViewController_colorbox.swift; sourceTree = "<group>"; };
		09AF2E6D29E156E700D435F5 /* uibutton+.swift */ = {isa = PBXFileReference; lastKnownFileType = sourcecode.swift; path = "uibutton+.swift"; sourceTree = "<group>"; };
		09EBA58429EE620100546B5A /* CreateNickname_tvingView.swift */ = {isa = PBXFileReference; lastKnownFileType = sourcecode.swift; path = CreateNickname_tvingView.swift; sourceTree = "<group>"; };
		09EBA58629EE68A400546B5A /* UILabel+.swift */ = {isa = PBXFileReference; lastKnownFileType = sourcecode.swift; path = "UILabel+.swift"; sourceTree = "<group>"; };
		09EBA58829EE68CB00546B5A /* UITextField+.swift */ = {isa = PBXFileReference; lastKnownFileType = sourcecode.swift; path = "UITextField+.swift"; sourceTree = "<group>"; };
		09EBA58C29EE9C2100546B5A /* eye.png */ = {isa = PBXFileReference; lastKnownFileType = image.png; path = eye.png; sourceTree = "<group>"; };
		09EBA59029EFD4BD00546B5A /* Rectangle.png */ = {isa = PBXFileReference; lastKnownFileType = image.png; path = Rectangle.png; sourceTree = "<group>"; };
		09EF00DD29F1629F000A2A2E /* UIButton+.swift */ = {isa = PBXFileReference; lastKnownFileType = sourcecode.swift; path = "UIButton+.swift"; sourceTree = "<group>"; };
/* End PBXFileReference section */

/* Begin PBXFrameworksBuildPhase section */
		0941D48329E0306F00B582B0 /* Frameworks */ = {
			isa = PBXFrameworksBuildPhase;
			buildActionMask = 2147483647;
			files = (
				09AF2E6329E141ED00D435F5 /* SnapKit in Frameworks */,
				09AF2E6629E1424800D435F5 /* Then in Frameworks */,
				09AF2E7229E245ED00D435F5 /* Inject in Frameworks */,
			);
			runOnlyForDeploymentPostprocessing = 0;
		};
/* End PBXFrameworksBuildPhase section */

/* Begin PBXGroup section */
		0941D47D29E0306F00B582B0 = {
			isa = PBXGroup;
			children = (
				098937DF29E25BD400B9ABDC /* assignment2 */,
				098937DD29E25B8700B9ABDC /* feat1 */,
				098937DE29E25BAA00B9ABDC /* feat2 */,
				0941D48829E0306F00B582B0 /* SOPT_iOS_SEMINAR */,
				0941D48729E0306F00B582B0 /* Products */,
			);
			sourceTree = "<group>";
		};
		0941D48729E0306F00B582B0 /* Products */ = {
			isa = PBXGroup;
			children = (
				0941D48629E0306F00B582B0 /* SOPT_iOS_SEMINAR.app */,
			);
			name = Products;
			sourceTree = "<group>";
		};
		0941D48829E0306F00B582B0 /* SOPT_iOS_SEMINAR */ = {
			isa = PBXGroup;
			children = (
				0941D48929E0306F00B582B0 /* AppDelegate.swift */,
				0941D48B29E0306F00B582B0 /* SceneDelegate.swift */,
				0941D49229E0307000B582B0 /* Assets.xcassets */,
				0941D49429E0307000B582B0 /* LaunchScreen.storyboard */,
				0941D49729E0307000B582B0 /* Info.plist */,
			);
			path = SOPT_iOS_SEMINAR;
			sourceTree = "<group>";
		};
		0982C04A29F17F070057301E /* VC */ = {
			isa = PBXGroup;
			children = (
				098937E029E25C0000B9ABDC /* Auth_tvingView.swift */,
				098B55B829E3C80B00495CEC /* Welcome_tvingView.swift */,
				09EBA58429EE620100546B5A /* CreateNickname_tvingView.swift */,
				0987E80329E52DE20082CCD2 /* Main_tvingView.swift */,
			);
			path = VC;
			sourceTree = "<group>";
		};
		0982C04B29F17F110057301E /* extension */ = {
			isa = PBXGroup;
			children = (
				098937E229E262BD00B9ABDC /* UIColor+.swift */,
				09EF00DD29F1629F000A2A2E /* UIButton+.swift */,
				098B559729E26A0500495CEC /* UIFont+.swift */,
				09EBA58829EE68CB00546B5A /* UITextField+.swift */,
				09EBA58629EE68A400546B5A /* UILabel+.swift */,
				0993BE1829F13205000B490B /* UIView+.swift */,
			);
			path = extension;
			sourceTree = "<group>";
		};
		098937DD29E25B8700B9ABDC /* feat1 */ = {
			isa = PBXGroup;
			children = (
				0987379429E03F3400FE8DAB /* ViewController.swift */,
				0987379729E03F3400FE8DAB /* ViewController2.swift */,
				0987379629E03F3400FE8DAB /* ViewController3.swift */,
				0987379529E03F3400FE8DAB /* ViewController4.swift */,
			);
			path = feat1;
			sourceTree = "<group>";
		};
		098937DE29E25BAA00B9ABDC /* feat2 */ = {
			isa = PBXGroup;
			children = (
				09AF2E5929E132F100D435F5 /* FirstViewController_DelegatePattern.swift */,
				09AF2E5B29E1332B00D435F5 /* SecondViewController_DelegatePattern.swift */,
				09AF2E6729E1439400D435F5 /* FirstViewController_button.swift */,
				09AF2E6929E143A500D435F5 /* SecondViewController_button.swift */,
				09AF2E6B29E14FED00D435F5 /* FirstViewController_colorbox.swift */,
				09AF2E6D29E156E700D435F5 /* uibutton+.swift */,
			);
			path = feat2;
			sourceTree = "<group>";
		};
		098937DF29E25BD400B9ABDC /* assignment2 */ = {
			isa = PBXGroup;
			children = (
				098937E429E2677400B9ABDC /* font */,
				098B55AB29E28D0800495CEC /* img */,
				0982C04B29F17F110057301E /* extension */,
				0982C04A29F17F070057301E /* VC */,
			);
			path = assignment2;
			sourceTree = "<group>";
		};
		098937E429E2677400B9ABDC /* font */ = {
			isa = PBXGroup;
			children = (
				098937E529E267A400B9ABDC /* PretendardVariable.ttf */,
				098B559B29E2879E00495CEC /* Pretendard-Black.otf */,
				098B559A29E2879E00495CEC /* Pretendard-Bold.otf */,
				098B55A029E2879F00495CEC /* Pretendard-ExtraBold.otf */,
				098B559929E2879E00495CEC /* Pretendard-ExtraLight.otf */,
				098B559D29E2879E00495CEC /* Pretendard-Light.otf */,
				098B559E29E2879E00495CEC /* Pretendard-Medium.otf */,
				098B559C29E2879E00495CEC /* Pretendard-Regular.otf */,
				098B55A129E2879F00495CEC /* Pretendard-SemiBold.otf */,
				098B559F29E2879F00495CEC /* Pretendard-Thin.otf */,
			);
			path = font;
			sourceTree = "<group>";
		};
		098B55AB29E28D0800495CEC /* img */ = {
			isa = PBXGroup;
			children = (
				098B55B029E28D3700495CEC /* btn_before.png */,
				098B55AF29E28D3700495CEC /* eye-slash.png */,
				098B55B329E28D3800495CEC /* image1.png */,
				098B55B129E28D3700495CEC /* x-circle.png */,
				09EBA58C29EE9C2100546B5A /* eye.png */,
				09EBA59029EFD4BD00546B5A /* Rectangle.png */,
			);
			path = img;
			sourceTree = "<group>";
		};
/* End PBXGroup section */

/* Begin PBXNativeTarget section */
		0941D48529E0306F00B582B0 /* SOPT_iOS_SEMINAR */ = {
			isa = PBXNativeTarget;
			buildConfigurationList = 0941D49A29E0307000B582B0 /* Build configuration list for PBXNativeTarget "SOPT_iOS_SEMINAR" */;
			buildPhases = (
				0941D48229E0306F00B582B0 /* Sources */,
				0941D48329E0306F00B582B0 /* Frameworks */,
				0941D48429E0306F00B582B0 /* Resources */,
			);
			buildRules = (
			);
			dependencies = (
			);
			name = SOPT_iOS_SEMINAR;
			packageProductDependencies = (
				09AF2E6229E141ED00D435F5 /* SnapKit */,
				09AF2E6529E1424800D435F5 /* Then */,
				09AF2E7129E245ED00D435F5 /* Inject */,
			);
			productName = SOPT_iOS_SEMINAR;
			productReference = 0941D48629E0306F00B582B0 /* SOPT_iOS_SEMINAR.app */;
			productType = "com.apple.product-type.application";
		};
/* End PBXNativeTarget section */

/* Begin PBXProject section */
		0941D47E29E0306F00B582B0 /* Project object */ = {
			isa = PBXProject;
			attributes = {
				BuildIndependentTargetsInParallel = 1;
				LastSwiftUpdateCheck = 1420;
				LastUpgradeCheck = 1420;
				TargetAttributes = {
					0941D48529E0306F00B582B0 = {
						CreatedOnToolsVersion = 14.2;
					};
				};
			};
			buildConfigurationList = 0941D48129E0306F00B582B0 /* Build configuration list for PBXProject "SOPT_iOS_SEMINAR" */;
			compatibilityVersion = "Xcode 14.0";
			developmentRegion = en;
			hasScannedForEncodings = 0;
			knownRegions = (
				en,
				Base,
			);
			mainGroup = 0941D47D29E0306F00B582B0;
			packageReferences = (
				09AF2E6129E141ED00D435F5 /* XCRemoteSwiftPackageReference "SnapKit" */,
				09AF2E6429E1424800D435F5 /* XCRemoteSwiftPackageReference "Then" */,
				09AF2E7029E245ED00D435F5 /* XCRemoteSwiftPackageReference "Inject" */,
			);
			productRefGroup = 0941D48729E0306F00B582B0 /* Products */;
			projectDirPath = "";
			projectRoot = "";
			targets = (
				0941D48529E0306F00B582B0 /* SOPT_iOS_SEMINAR */,
			);
		};
/* End PBXProject section */

/* Begin PBXResourcesBuildPhase section */
		0941D48429E0306F00B582B0 /* Resources */ = {
			isa = PBXResourcesBuildPhase;
			buildActionMask = 2147483647;
			files = (
				0941D49629E0307000B582B0 /* LaunchScreen.storyboard in Resources */,
				098B55A829E2879F00495CEC /* Pretendard-Thin.otf in Resources */,
				098B55A629E2879F00495CEC /* Pretendard-Light.otf in Resources */,
				098B55AA29E2879F00495CEC /* Pretendard-SemiBold.otf in Resources */,
				098B55A329E2879F00495CEC /* Pretendard-Bold.otf in Resources */,
				0941D49329E0307000B582B0 /* Assets.xcassets in Resources */,
				098B55A229E2879F00495CEC /* Pretendard-ExtraLight.otf in Resources */,
				098B55A929E2879F00495CEC /* Pretendard-ExtraBold.otf in Resources */,
				098B55A529E2879F00495CEC /* Pretendard-Regular.otf in Resources */,
				098B55A429E2879F00495CEC /* Pretendard-Black.otf in Resources */,
				09EBA58D29EE9C2100546B5A /* eye.png in Resources */,
				098937E629E267A400B9ABDC /* PretendardVariable.ttf in Resources */,
				098B55A729E2879F00495CEC /* Pretendard-Medium.otf in Resources */,
			);
			runOnlyForDeploymentPostprocessing = 0;
		};
/* End PBXResourcesBuildPhase section */

/* Begin PBXSourcesBuildPhase section */
		0941D48229E0306F00B582B0 /* Sources */ = {
			isa = PBXSourcesBuildPhase;
			buildActionMask = 2147483647;
			files = (
				098B55B929E3C80B00495CEC /* Welcome_tvingView.swift in Sources */,
				09AF2E5C29E1332B00D435F5 /* SecondViewController_DelegatePattern.swift in Sources */,
				09EBA58729EE68A400546B5A /* UILabel+.swift in Sources */,
				0987379A29E03F3400FE8DAB /* ViewController3.swift in Sources */,
				09EBA58529EE620100546B5A /* CreateNickname_tvingView.swift in Sources */,
				0987379829E03F3400FE8DAB /* ViewController.swift in Sources */,
				0941D48A29E0306F00B582B0 /* AppDelegate.swift in Sources */,
				09EF00DE29F1629F000A2A2E /* UIButton+.swift in Sources */,
				0941D48C29E0306F00B582B0 /* SceneDelegate.swift in Sources */,
				0987379929E03F3400FE8DAB /* ViewController4.swift in Sources */,
				09EBA58929EE68CB00546B5A /* UITextField+.swift in Sources */,
				09AF2E6A29E143A500D435F5 /* SecondViewController_button.swift in Sources */,
				0987E80429E52DE20082CCD2 /* Main_tvingView.swift in Sources */,
				098B559829E26A0500495CEC /* UIFont+.swift in Sources */,
				09AF2E6C29E14FED00D435F5 /* FirstViewController_colorbox.swift in Sources */,
				09AF2E5A29E132F100D435F5 /* FirstViewController_DelegatePattern.swift in Sources */,
				09AF2E6829E1439400D435F5 /* FirstViewController_button.swift in Sources */,
				0987379B29E03F3400FE8DAB /* ViewController2.swift in Sources */,
				098937E129E25C0000B9ABDC /* Auth_tvingView.swift in Sources */,
				09AF2E6E29E156E700D435F5 /* uibutton+.swift in Sources */,
				098937E329E262BD00B9ABDC /* UIColor+.swift in Sources */,
				0993BE1929F13205000B490B /* UIView+.swift in Sources */,
			);
			runOnlyForDeploymentPostprocessing = 0;
		};
/* End PBXSourcesBuildPhase section */

/* Begin PBXVariantGroup section */
		0941D49429E0307000B582B0 /* LaunchScreen.storyboard */ = {
			isa = PBXVariantGroup;
			children = (
				0941D49529E0307000B582B0 /* Base */,
			);
			name = LaunchScreen.storyboard;
			sourceTree = "<group>";
		};
/* End PBXVariantGroup section */

/* Begin XCBuildConfiguration section */
		0941D49829E0307000B582B0 /* Debug */ = {
			isa = XCBuildConfiguration;
			buildSettings = {
				ALWAYS_SEARCH_USER_PATHS = NO;
				CLANG_ANALYZER_NONNULL = YES;
				CLANG_ANALYZER_NUMBER_OBJECT_CONVERSION = YES_AGGRESSIVE;
				CLANG_CXX_LANGUAGE_STANDARD = "gnu++20";
				CLANG_ENABLE_MODULES = YES;
				CLANG_ENABLE_OBJC_ARC = YES;
				CLANG_ENABLE_OBJC_WEAK = YES;
				CLANG_WARN_BLOCK_CAPTURE_AUTORELEASING = YES;
				CLANG_WARN_BOOL_CONVERSION = YES;
				CLANG_WARN_COMMA = YES;
				CLANG_WARN_CONSTANT_CONVERSION = YES;
				CLANG_WARN_DEPRECATED_OBJC_IMPLEMENTATIONS = YES;
				CLANG_WARN_DIRECT_OBJC_ISA_USAGE = YES_ERROR;
				CLANG_WARN_DOCUMENTATION_COMMENTS = YES;
				CLANG_WARN_EMPTY_BODY = YES;
				CLANG_WARN_ENUM_CONVERSION = YES;
				CLANG_WARN_INFINITE_RECURSION = YES;
				CLANG_WARN_INT_CONVERSION = YES;
				CLANG_WARN_NON_LITERAL_NULL_CONVERSION = YES;
				CLANG_WARN_OBJC_IMPLICIT_RETAIN_SELF = YES;
				CLANG_WARN_OBJC_LITERAL_CONVERSION = YES;
				CLANG_WARN_OBJC_ROOT_CLASS = YES_ERROR;
				CLANG_WARN_QUOTED_INCLUDE_IN_FRAMEWORK_HEADER = YES;
				CLANG_WARN_RANGE_LOOP_ANALYSIS = YES;
				CLANG_WARN_STRICT_PROTOTYPES = YES;
				CLANG_WARN_SUSPICIOUS_MOVE = YES;
				CLANG_WARN_UNGUARDED_AVAILABILITY = YES_AGGRESSIVE;
				CLANG_WARN_UNREACHABLE_CODE = YES;
				CLANG_WARN__DUPLICATE_METHOD_MATCH = YES;
				COPY_PHASE_STRIP = NO;
				DEBUG_INFORMATION_FORMAT = dwarf;
				ENABLE_STRICT_OBJC_MSGSEND = YES;
				ENABLE_TESTABILITY = YES;
				GCC_C_LANGUAGE_STANDARD = gnu11;
				GCC_DYNAMIC_NO_PIC = NO;
				GCC_NO_COMMON_BLOCKS = YES;
				GCC_OPTIMIZATION_LEVEL = 0;
				GCC_PREPROCESSOR_DEFINITIONS = (
					"DEBUG=1",
					"$(inherited)",
				);
				GCC_WARN_64_TO_32_BIT_CONVERSION = YES;
				GCC_WARN_ABOUT_RETURN_TYPE = YES_ERROR;
				GCC_WARN_UNDECLARED_SELECTOR = YES;
				GCC_WARN_UNINITIALIZED_AUTOS = YES_AGGRESSIVE;
				GCC_WARN_UNUSED_FUNCTION = YES;
				GCC_WARN_UNUSED_VARIABLE = YES;
				IPHONEOS_DEPLOYMENT_TARGET = 16.2;
				MTL_ENABLE_DEBUG_INFO = INCLUDE_SOURCE;
				MTL_FAST_MATH = YES;
				ONLY_ACTIVE_ARCH = YES;
				SDKROOT = iphoneos;
				SWIFT_ACTIVE_COMPILATION_CONDITIONS = DEBUG;
				SWIFT_OPTIMIZATION_LEVEL = "-Onone";
			};
			name = Debug;
		};
		0941D49929E0307000B582B0 /* Release */ = {
			isa = XCBuildConfiguration;
			buildSettings = {
				ALWAYS_SEARCH_USER_PATHS = NO;
				CLANG_ANALYZER_NONNULL = YES;
				CLANG_ANALYZER_NUMBER_OBJECT_CONVERSION = YES_AGGRESSIVE;
				CLANG_CXX_LANGUAGE_STANDARD = "gnu++20";
				CLANG_ENABLE_MODULES = YES;
				CLANG_ENABLE_OBJC_ARC = YES;
				CLANG_ENABLE_OBJC_WEAK = YES;
				CLANG_WARN_BLOCK_CAPTURE_AUTORELEASING = YES;
				CLANG_WARN_BOOL_CONVERSION = YES;
				CLANG_WARN_COMMA = YES;
				CLANG_WARN_CONSTANT_CONVERSION = YES;
				CLANG_WARN_DEPRECATED_OBJC_IMPLEMENTATIONS = YES;
				CLANG_WARN_DIRECT_OBJC_ISA_USAGE = YES_ERROR;
				CLANG_WARN_DOCUMENTATION_COMMENTS = YES;
				CLANG_WARN_EMPTY_BODY = YES;
				CLANG_WARN_ENUM_CONVERSION = YES;
				CLANG_WARN_INFINITE_RECURSION = YES;
				CLANG_WARN_INT_CONVERSION = YES;
				CLANG_WARN_NON_LITERAL_NULL_CONVERSION = YES;
				CLANG_WARN_OBJC_IMPLICIT_RETAIN_SELF = YES;
				CLANG_WARN_OBJC_LITERAL_CONVERSION = YES;
				CLANG_WARN_OBJC_ROOT_CLASS = YES_ERROR;
				CLANG_WARN_QUOTED_INCLUDE_IN_FRAMEWORK_HEADER = YES;
				CLANG_WARN_RANGE_LOOP_ANALYSIS = YES;
				CLANG_WARN_STRICT_PROTOTYPES = YES;
				CLANG_WARN_SUSPICIOUS_MOVE = YES;
				CLANG_WARN_UNGUARDED_AVAILABILITY = YES_AGGRESSIVE;
				CLANG_WARN_UNREACHABLE_CODE = YES;
				CLANG_WARN__DUPLICATE_METHOD_MATCH = YES;
				COPY_PHASE_STRIP = NO;
				DEBUG_INFORMATION_FORMAT = "dwarf-with-dsym";
				ENABLE_NS_ASSERTIONS = NO;
				ENABLE_STRICT_OBJC_MSGSEND = YES;
				GCC_C_LANGUAGE_STANDARD = gnu11;
				GCC_NO_COMMON_BLOCKS = YES;
				GCC_WARN_64_TO_32_BIT_CONVERSION = YES;
				GCC_WARN_ABOUT_RETURN_TYPE = YES_ERROR;
				GCC_WARN_UNDECLARED_SELECTOR = YES;
				GCC_WARN_UNINITIALIZED_AUTOS = YES_AGGRESSIVE;
				GCC_WARN_UNUSED_FUNCTION = YES;
				GCC_WARN_UNUSED_VARIABLE = YES;
				IPHONEOS_DEPLOYMENT_TARGET = 16.2;
				MTL_ENABLE_DEBUG_INFO = NO;
				MTL_FAST_MATH = YES;
				SDKROOT = iphoneos;
				SWIFT_COMPILATION_MODE = wholemodule;
				SWIFT_OPTIMIZATION_LEVEL = "-O";
				VALIDATE_PRODUCT = YES;
			};
			name = Release;
		};
		0941D49B29E0307000B582B0 /* Debug */ = {
			isa = XCBuildConfiguration;
			buildSettings = {
				ASSETCATALOG_COMPILER_APPICON_NAME = AppIcon;
				ASSETCATALOG_COMPILER_GLOBAL_ACCENT_COLOR_NAME = AccentColor;
				CODE_SIGN_STYLE = Automatic;
				CURRENT_PROJECT_VERSION = 1;
				GENERATE_INFOPLIST_FILE = YES;
				INFOPLIST_FILE = SOPT_iOS_SEMINAR/Info.plist;
				INFOPLIST_KEY_UIApplicationSupportsIndirectInputEvents = YES;
				INFOPLIST_KEY_UILaunchStoryboardName = LaunchScreen;
				INFOPLIST_KEY_UISupportedInterfaceOrientations_iPad = "UIInterfaceOrientationPortrait UIInterfaceOrientationPortraitUpsideDown UIInterfaceOrientationLandscapeLeft UIInterfaceOrientationLandscapeRight";
				INFOPLIST_KEY_UISupportedInterfaceOrientations_iPhone = "UIInterfaceOrientationPortrait UIInterfaceOrientationLandscapeLeft UIInterfaceOrientationLandscapeRight";
				LD_RUNPATH_SEARCH_PATHS = (
					"$(inherited)",
					"@executable_path/Frameworks",
				);
				MARKETING_VERSION = 1.0;
				OTHER_LDFLAGS = "-Xlinker-interposal";
				PRODUCT_BUNDLE_IDENTIFIER = "j.SOPT-iOS-SEMINAR";
				PRODUCT_NAME = "$(TARGET_NAME)";
				SWIFT_EMIT_LOC_STRINGS = YES;
				SWIFT_VERSION = 5.0;
				TARGETED_DEVICE_FAMILY = "1,2";
			};
			name = Debug;
		};
		0941D49C29E0307000B582B0 /* Release */ = {
			isa = XCBuildConfiguration;
			buildSettings = {
				ASSETCATALOG_COMPILER_APPICON_NAME = AppIcon;
				ASSETCATALOG_COMPILER_GLOBAL_ACCENT_COLOR_NAME = AccentColor;
				CODE_SIGN_STYLE = Automatic;
				CURRENT_PROJECT_VERSION = 1;
				GENERATE_INFOPLIST_FILE = YES;
				INFOPLIST_FILE = SOPT_iOS_SEMINAR/Info.plist;
				INFOPLIST_KEY_UIApplicationSupportsIndirectInputEvents = YES;
				INFOPLIST_KEY_UILaunchStoryboardName = LaunchScreen;
				INFOPLIST_KEY_UISupportedInterfaceOrientations_iPad = "UIInterfaceOrientationPortrait UIInterfaceOrientationPortraitUpsideDown UIInterfaceOrientationLandscapeLeft UIInterfaceOrientationLandscapeRight";
				INFOPLIST_KEY_UISupportedInterfaceOrientations_iPhone = "UIInterfaceOrientationPortrait UIInterfaceOrientationLandscapeLeft UIInterfaceOrientationLandscapeRight";
				LD_RUNPATH_SEARCH_PATHS = (
					"$(inherited)",
					"@executable_path/Frameworks",
				);
				MARKETING_VERSION = 1.0;
				OTHER_LDFLAGS = "-Xlinker-interposal";
				PRODUCT_BUNDLE_IDENTIFIER = "j.SOPT-iOS-SEMINAR";
				PRODUCT_NAME = "$(TARGET_NAME)";
				SWIFT_EMIT_LOC_STRINGS = YES;
				SWIFT_VERSION = 5.0;
				TARGETED_DEVICE_FAMILY = "1,2";
			};
			name = Release;
		};
/* End XCBuildConfiguration section */

/* Begin XCConfigurationList section */
		0941D48129E0306F00B582B0 /* Build configuration list for PBXProject "SOPT_iOS_SEMINAR" */ = {
			isa = XCConfigurationList;
			buildConfigurations = (
				0941D49829E0307000B582B0 /* Debug */,
				0941D49929E0307000B582B0 /* Release */,
			);
			defaultConfigurationIsVisible = 0;
			defaultConfigurationName = Release;
		};
		0941D49A29E0307000B582B0 /* Build configuration list for PBXNativeTarget "SOPT_iOS_SEMINAR" */ = {
			isa = XCConfigurationList;
			buildConfigurations = (
				0941D49B29E0307000B582B0 /* Debug */,
				0941D49C29E0307000B582B0 /* Release */,
			);
			defaultConfigurationIsVisible = 0;
			defaultConfigurationName = Release;
		};
/* End XCConfigurationList section */

/* Begin XCRemoteSwiftPackageReference section */
		09AF2E6129E141ED00D435F5 /* XCRemoteSwiftPackageReference "SnapKit" */ = {
			isa = XCRemoteSwiftPackageReference;
			repositoryURL = "https://github.com/SnapKit/SnapKit";
			requirement = {
				kind = upToNextMajorVersion;
				minimumVersion = 5.0.0;
			};
		};
		09AF2E6429E1424800D435F5 /* XCRemoteSwiftPackageReference "Then" */ = {
			isa = XCRemoteSwiftPackageReference;
			repositoryURL = "https://github.com/devxoul/Then.git";
			requirement = {
				kind = upToNextMajorVersion;
				minimumVersion = 3.0.0;
			};
		};
		09AF2E7029E245ED00D435F5 /* XCRemoteSwiftPackageReference "Inject" */ = {
			isa = XCRemoteSwiftPackageReference;
			repositoryURL = "https://github.com/krzysztofzablocki/Inject.git";
			requirement = {
				kind = upToNextMajorVersion;
				minimumVersion = 1.0.0;
			};
		};
/* End XCRemoteSwiftPackageReference section */

/* Begin XCSwiftPackageProductDependency section */
		09AF2E6229E141ED00D435F5 /* SnapKit */ = {
			isa = XCSwiftPackageProductDependency;
			package = 09AF2E6129E141ED00D435F5 /* XCRemoteSwiftPackageReference "SnapKit" */;
			productName = SnapKit;
		};
		09AF2E6529E1424800D435F5 /* Then */ = {
			isa = XCSwiftPackageProductDependency;
			package = 09AF2E6429E1424800D435F5 /* XCRemoteSwiftPackageReference "Then" */;
			productName = Then;
		};
		09AF2E7129E245ED00D435F5 /* Inject */ = {
			isa = XCSwiftPackageProductDependency;
			package = 09AF2E7029E245ED00D435F5 /* XCRemoteSwiftPackageReference "Inject" */;
			productName = Inject;
		};
/* End XCSwiftPackageProductDependency section */
	};
	rootObject = 0941D47E29E0306F00B582B0 /* Project object */;
}
